
Microsoft Visual Studio Solution File, Format Version 12.00
# Visual Studio Version 17
VisualStudioVersion = 17.14.36212.18 d17.14
MinimumVisualStudioVersion = 10.0.40219.1
Project("{FAE04EC0-301F-11D3-BF4B-00C04F79EFBC}") = "CSharpProject", "CSharpProject\CSharpProject.csproj", "{B216D694-993F-467F-9494-FB72AFF93D00}"
EndProject
Global
	GlobalSection(SolutionConfigurationPlatforms) = preSolution
		Debug|Any CPU = Debug|Any CPU
		Release|Any CPU = Release|Any CPU
	EndGlobalSection
	GlobalSection(ProjectConfigurationPlatforms) = postSolution
		{B216D694-993F-467F-9494-FB72AFF93D00}.Debug|Any CPU.ActiveCfg = Debug|Any CPU
		{B216D694-993F-467F-9494-FB72AFF93D00}.Debug|Any CPU.Build.0 = Debug|Any CPU
		{B216D694-993F-467F-9494-FB72AFF93D00}.Release|Any CPU.ActiveCfg = Release|Any CPU
		{B216D694-993F-467F-9494-FB72AFF93D00}.Release|Any CPU.Build.0 = Release|Any CPU
	EndGlobalSection
	GlobalSection(SolutionProperties) = preSolution
		HideSolutionNode = FALSE
	EndGlobalSection
	GlobalSection(ExtensibilityGlobals) = postSolution
		SolutionGuid = {D01A4C04-0330-4E4C-B194-D92F4AAA1CDE}
	EndGlobalSection
EndGlobal
